
Microsoft Visual Studio Solution File, Format Version 12.00
# Visual Studio Version 16
VisualStudioVersion = 16.0.31410.357
MinimumVisualStudioVersion = 10.0.40219.1
Project("{9A19103F-16F7-4668-BE54-9A1E7A4F7556}") = "CartaoCredito", "DesignPatterns\CartaoCredito.csproj", "{791F98DE-AC9E-407C-8F2D-DB90D9B16B6E}"
EndProject
Project("{2150E333-8FDC-42A3-9474-1A3956D46DE8}") = "Factory Method", "Factory Method", "{641B49BC-B056-4755-9BC0-1040E0FD4FA6}"
EndProject
Project("{9A19103F-16F7-4668-BE54-9A1E7A4F7556}") = "ExampleTransacaoCartao", "FactoryMetody_exemplo_2\ExampleTransacaoCartao.csproj", "{D0D8B38F-83D1-467B-8348-2D962FC19441}"
EndProject
Project("{2150E333-8FDC-42A3-9474-1A3956D46DE8}") = "Conceptual", "Conceptual", "{C4F6E304-C993-41B2-97D7-77E9EA45D537}"
EndProject
Project("{9A19103F-16F7-4668-BE54-9A1E7A4F7556}") = "DemoSimple", "DemoSimple\DemoSimple.csproj", "{B1CBAF21-108F-4CE2-8370-55019E19B825}"
EndProject
Project("{2150E333-8FDC-42A3-9474-1A3956D46DE8}") = "ExemploFabricaPizza", "ExemploFabricaPizza", "{C773BF75-F384-479F-90D1-8DF1A235BDA1}"
EndProject
Project("{9A19103F-16F7-4668-BE54-9A1E7A4F7556}") = "PadraoFactoryMethod", "FabricaPizza\PadraoFactoryMethods\PadraoFactoryMethod.csproj", "{AC881FFC-BE70-4FDF-B9CD-0F69F4D2A1F9}"
EndProject
Project("{9A19103F-16F7-4668-BE54-9A1E7A4F7556}") = "FabricaPizzaUI", "FabricaPizza\FabricaPizzaUI\FabricaPizzaUI.csproj", "{F59C9937-88AA-426C-B042-B0E3F232F23E}"
EndProject
Project("{2150E333-8FDC-42A3-9474-1A3956D46DE8}") = "LogistAPP", "LogistAPP", "{8B64B2E9-0FD9-473C-9FB6-AD56518A2612}"
EndProject
Project("{9A19103F-16F7-4668-BE54-9A1E7A4F7556}") = "UI", "LogistAPP\UI.csproj", "{417D1962-1D10-4D41-BBA1-65DA033DCF2D}"
EndProject
Project("{9A19103F-16F7-4668-BE54-9A1E7A4F7556}") = "PadraoFactoryMethod", "LogistAPP\PadraoFactoryMethod\PadraoFactoryMethod.csproj", "{5F337B4A-C7C0-4688-BFCE-C9C317359091}"
EndProject
Project("{F088123C-0E9E-452A-89E6-6BA2F21D5CAC}") = "DiagramaFabricaPizza", "FabricaPizza\DiagramaFabricaPizza\DiagramaFabricaPizza.modelproj", "{B8EBF7DD-0F20-45B5-84D8-4A99B8A9DF2F}"
EndProject
Project("{2150E333-8FDC-42A3-9474-1A3956D46DE8}") = "AppCartaoCredito", "AppCartaoCredito", "{31DA0CF9-84F2-4FA8-8206-1B128D7428D4}"
EndProject
Project("{2150E333-8FDC-42A3-9474-1A3956D46DE8}") = "Notebooks", "Notebooks", "{511102E5-2C7C-48FC-BEBA-B3E82D36FB17}"
	ProjectSection(SolutionItems) = preProject
		..\..\..\Scripts\SQL\SqlServer\Implanta\DevOps\QuartaTunada\DesignPatterns\1.FactoryMethods.ipynb = ..\..\..\Scripts\SQL\SqlServer\Implanta\DevOps\QuartaTunada\DesignPatterns\1.FactoryMethods.ipynb
		..\..\..\Scripts\SQL\SqlServer\Implanta\DevOps\QuartaTunada\DesignPatterns\PadroesProjeto.ipynb = ..\..\..\Scripts\SQL\SqlServer\Implanta\DevOps\QuartaTunada\DesignPatterns\PadroesProjeto.ipynb
	EndProjectSection
EndProject
Project("{2150E333-8FDC-42A3-9474-1A3956D46DE8}") = "ProcessadorCartao", "ProcessadorCartao", "{F70DB5A0-8639-490E-8170-07065FAC6CB4}"
EndProject
Project("{2150E333-8FDC-42A3-9474-1A3956D46DE8}") = "LocadoraCarro", "LocadoraCarro", "{62BFE579-C827-4F8C-A2C5-A542152E2F24}"
EndProject
Project("{9A19103F-16F7-4668-BE54-9A1E7A4F7556}") = "PadraoFactoryMethod", "LocadoraCarro\ExemploLocadoraVeiculos\PadraoFactoryMethod.csproj", "{B4C549AF-930C-4670-B94E-17C1CE414DCC}"
EndProject
Project("{9A19103F-16F7-4668-BE54-9A1E7A4F7556}") = "UI", "LocadoraCarro\UI\UI.csproj", "{A2CF3D6B-5539-45FF-A99F-D5EE78192728}"
EndProject
Project("{2150E333-8FDC-42A3-9474-1A3956D46DE8}") = "Abstract Factory", "Abstract Factory", "{1F4DB46A-2064-44CB-AF88-E83216C6D265}"
EndProject
Project("{2150E333-8FDC-42A3-9474-1A3956D46DE8}") = "Conceptual", "Conceptual", "{42541E6C-DEE0-4A2B-8549-743174784F2E}"
EndProject
Project("{9A19103F-16F7-4668-BE54-9A1E7A4F7556}") = "DemoSample", "Abstract Factory\DemoSample\DemoSample.csproj", "{BE6C6078-2CDB-45AB-BBC4-0A16B717E478}"
EndProject
Project("{2150E333-8FDC-42A3-9474-1A3956D46DE8}") = "AppContinental", "AppContinental", "{02CD2BA3-0773-4C60-945B-6A45EFCBF2A6}"
EndProject
Project("{9A19103F-16F7-4668-BE54-9A1E7A4F7556}") = "PadraoAbstractFactory", "Abstract Factory\PadraoAbstractFactory\PadraoAbstractFactory\PadraoAbstractFactory.csproj", "{25484BD1-409C-44C5-B368-E93CF7D32328}"
EndProject
Project("{9A19103F-16F7-4668-BE54-9A1E7A4F7556}") = "UI", "Abstract Factory\PadraoAbstractFactory\UI\UI.csproj", "{2377D165-5238-419B-A239-5C9599E1D759}"
EndProject
Project("{2150E333-8FDC-42A3-9474-1A3956D46DE8}") = "AppPrint", "AppPrint", "{4B5CC5C0-767C-4F41-9425-341AA5A7A680}"
EndProject
Project("{9A19103F-16F7-4668-BE54-9A1E7A4F7556}") = "PadraoAbstractFactory", "Abstract Factory\AppPrint\PadraoAbstractFactory\PadraoAbstractFactory.csproj", "{87221B56-F5F4-475E-929D-B0E8D0521F8E}"
EndProject
Project("{2150E333-8FDC-42A3-9474-1A3956D46DE8}") = "AppSanduiches", "AppSanduiches", "{AA7930C3-74E4-4336-ABA3-FFC67CD8EF9C}"
EndProject
Project("{9A19103F-16F7-4668-BE54-9A1E7A4F7556}") = "PadraoAbstractFactory", "Abstract Factory\AppSanduiches\PadraoAbstractFactory\PadraoAbstractFactory.csproj", "{9A2EAC75-FB61-47A2-A8D3-A685511D9972}"
EndProject
Project("{9A19103F-16F7-4668-BE54-9A1E7A4F7556}") = "LanchoneteUI", "Abstract Factory\AppSanduiches\LanchoneteUI\LanchoneteUI.csproj", "{402F10A7-021B-476D-A3E2-DA16CF45A5D4}"
EndProject
Project("{9A19103F-16F7-4668-BE54-9A1E7A4F7556}") = "UI", "Abstract Factory\AppPrint\UI\UI.csproj", "{C94DA4F1-FFC3-46E4-844A-FA19F65C1C37}"
EndProject
Project("{2150E333-8FDC-42A3-9474-1A3956D46DE8}") = "Singleton", "Singleton", "{80971C3B-D6A4-47FF-9AE4-C92E5A984F9F}"
EndProject
Project("{9A19103F-16F7-4668-BE54-9A1E7A4F7556}") = "DemoSingleton", "Singleton\DemoSingleton\DemoSingleton.csproj", "{C9B52B54-0147-4281-BD54-1AF3B65DD127}"
EndProject
Project("{9A19103F-16F7-4668-BE54-9A1E7A4F7556}") = "UI", "Singleton\UI\UI.csproj", "{B568B434-8F62-4EEA-AB9A-099880CD104F}"
EndProject
Project("{9A19103F-16F7-4668-BE54-9A1E7A4F7556}") = "DemoSingleton_MultiTheads", "Singleton\DemoSingleton_MultiTheads\DemoSingleton_MultiTheads.csproj", "{9F5357C0-A6A7-48C8-BF3C-05E66CE339A2}"
EndProject
Project("{9A19103F-16F7-4668-BE54-9A1E7A4F7556}") = "Singleton_Usando_Generics", "Singleton\Singleton_Usando_Generics\Singleton_Usando_Generics.csproj", "{47BE0AC5-55C0-4858-8507-F844CD2DCEC8}"
EndProject
Project("{2150E333-8FDC-42A3-9474-1A3956D46DE8}") = "Builder", "Builder", "{ED1494F9-FA32-4DA9-B53E-4E1A46B3D93B}"
EndProject
Project("{2150E333-8FDC-42A3-9474-1A3956D46DE8}") = "Conceptual", "Conceptual", "{63F1A1DB-CA06-4AA8-8CC6-C752EE6DEED8}"
EndProject
Project("{9A19103F-16F7-4668-BE54-9A1E7A4F7556}") = "Conceptual", "Builder\Conceptual\Conceptual\Conceptual.csproj", "{73469937-9D06-4187-A236-82F90896C338}"
EndProject
Project("{9A19103F-16F7-4668-BE54-9A1E7A4F7556}") = "UI", "Builder\Conceptual\UI\UI.csproj", "{DB671F4B-C522-4A03-972A-8463BD6C0E1F}"
EndProject
Project("{2150E333-8FDC-42A3-9474-1A3956D46DE8}") = "Emails", "Emails", "{AAD5CEB4-10F5-4920-B9E4-9DCD2470F077}"
EndProject
Project("{9A19103F-16F7-4668-BE54-9A1E7A4F7556}") = "Conceptual", "Builder\Emails\Conceptual\Conceptual.csproj", "{3BC76374-2B1E-4EEA-BAB1-E60C5BE23FA5}"
EndProject
Project("{9A19103F-16F7-4668-BE54-9A1E7A4F7556}") = "EmailUI", "Builder\Emails\EmailUI\EmailUI.csproj", "{3F6920F0-7037-4437-AEBA-829FCC257561}"
EndProject
Project("{2150E333-8FDC-42A3-9474-1A3956D46DE8}") = "ContrucaoCasa", "ContrucaoCasa", "{BF818B84-5986-4C7E-8B37-65EAF3668D65}"
EndProject
Project("{9A19103F-16F7-4668-BE54-9A1E7A4F7556}") = "ContrucaoCasaUISemPadraoCode", "Builder\ConstrucaoCasa\Conceptual\ContrucaoCasaUISemPadraoCode.csproj", "{86A7D6CD-0198-467E-AD1D-1EA1FF0E64D8}"
EndProject
Project("{9A19103F-16F7-4668-BE54-9A1E7A4F7556}") = "ContrucaoCasaUISemPadrao", "Builder\ConstrucaoCasa\ContrucaoCasaUI\ContrucaoCasaUISemPadrao.csproj", "{148072AF-395A-4C36-9567-3DCD2ED51EE7}"
EndProject
Project("{2150E333-8FDC-42A3-9474-1A3956D46DE8}") = "Padrao", "Padrao", "{6718D43D-862F-4B8C-B54B-1510E391AD4E}"
EndProject
Project("{9A19103F-16F7-4668-BE54-9A1E7A4F7556}") = "Conceptual", "Builder\ConstrucaoCasa\DemoComPadrao\Conceptual\Conceptual.csproj", "{A297A62C-99C1-4534-8453-98B15BD0BE66}"
EndProject
Project("{9A19103F-16F7-4668-BE54-9A1E7A4F7556}") = "UI", "Builder\ConstrucaoCasa\DemoComPadrao\UI\UI.csproj", "{82E5C103-43F7-49F3-A169-98EDDBAAA5F7}"
EndProject
Project("{2150E333-8FDC-42A3-9474-1A3956D46DE8}") = "Prototype", "Prototype", "{4EED22FD-A42D-4090-8135-8FA1D3223BF9}"
EndProject
Project("{2150E333-8FDC-42A3-9474-1A3956D46DE8}") = "Conceptual", "Conceptual", "{216E4D27-39B9-495A-8594-9DE9C13D6B4C}"
EndProject
Project("{FAE04EC0-301F-11D3-BF4B-00C04F79EFBC}") = "Conceptual", "Prototype\Conceptual\Conceptual.csproj", "{1F55C9A9-468F-47DE-9D14-E8F35F521726}"
EndProject
Project("{FAE04EC0-301F-11D3-BF4B-00C04F79EFBC}") = "UI", "Prototype\UI\UI.csproj", "{6071231A-2B04-4CE2-90EC-6EEEEE11ADE2}"
EndProject
Project("{2150E333-8FDC-42A3-9474-1A3956D46DE8}") = "CloneCores", "CloneCores", "{36C73B77-CE55-4849-A3F2-BB4A7AE5231C}"
EndProject
Project("{FAE04EC0-301F-11D3-BF4B-00C04F79EFBC}") = "Conceptual", "Prototype\CloneCores\Conceptual\Conceptual.csproj", "{1A9E8419-9C2C-4B66-938A-D294B665B8E4}"
EndProject
Project("{FAE04EC0-301F-11D3-BF4B-00C04F79EFBC}") = "UI", "Prototype\CloneCores\UI\UI.csproj", "{40DCDF2C-FE2F-4EE0-BFAA-79D9E5DEF72E}"
EndProject
Global
	GlobalSection(SolutionConfigurationPlatforms) = preSolution
		Debug|Any CPU = Debug|Any CPU
		Release|Any CPU = Release|Any CPU
	EndGlobalSection
	GlobalSection(ProjectConfigurationPlatforms) = postSolution
		{791F98DE-AC9E-407C-8F2D-DB90D9B16B6E}.Debug|Any CPU.ActiveCfg = Debug|Any CPU
		{791F98DE-AC9E-407C-8F2D-DB90D9B16B6E}.Debug|Any CPU.Build.0 = Debug|Any CPU
		{791F98DE-AC9E-407C-8F2D-DB90D9B16B6E}.Release|Any CPU.ActiveCfg = Release|Any CPU
		{791F98DE-AC9E-407C-8F2D-DB90D9B16B6E}.Release|Any CPU.Build.0 = Release|Any CPU
		{D0D8B38F-83D1-467B-8348-2D962FC19441}.Debug|Any CPU.ActiveCfg = Debug|Any CPU
		{D0D8B38F-83D1-467B-8348-2D962FC19441}.Debug|Any CPU.Build.0 = Debug|Any CPU
		{D0D8B38F-83D1-467B-8348-2D962FC19441}.Release|Any CPU.ActiveCfg = Release|Any CPU
		{D0D8B38F-83D1-467B-8348-2D962FC19441}.Release|Any CPU.Build.0 = Release|Any CPU
		{B1CBAF21-108F-4CE2-8370-55019E19B825}.Debug|Any CPU.ActiveCfg = Debug|Any CPU
		{B1CBAF21-108F-4CE2-8370-55019E19B825}.Debug|Any CPU.Build.0 = Debug|Any CPU
		{B1CBAF21-108F-4CE2-8370-55019E19B825}.Release|Any CPU.ActiveCfg = Release|Any CPU
		{B1CBAF21-108F-4CE2-8370-55019E19B825}.Release|Any CPU.Build.0 = Release|Any CPU
		{AC881FFC-BE70-4FDF-B9CD-0F69F4D2A1F9}.Debug|Any CPU.ActiveCfg = Debug|Any CPU
		{AC881FFC-BE70-4FDF-B9CD-0F69F4D2A1F9}.Debug|Any CPU.Build.0 = Debug|Any CPU
		{AC881FFC-BE70-4FDF-B9CD-0F69F4D2A1F9}.Release|Any CPU.ActiveCfg = Release|Any CPU
		{AC881FFC-BE70-4FDF-B9CD-0F69F4D2A1F9}.Release|Any CPU.Build.0 = Release|Any CPU
		{F59C9937-88AA-426C-B042-B0E3F232F23E}.Debug|Any CPU.ActiveCfg = Debug|Any CPU
		{F59C9937-88AA-426C-B042-B0E3F232F23E}.Debug|Any CPU.Build.0 = Debug|Any CPU
		{F59C9937-88AA-426C-B042-B0E3F232F23E}.Release|Any CPU.ActiveCfg = Release|Any CPU
		{F59C9937-88AA-426C-B042-B0E3F232F23E}.Release|Any CPU.Build.0 = Release|Any CPU
		{417D1962-1D10-4D41-BBA1-65DA033DCF2D}.Debug|Any CPU.ActiveCfg = Debug|Any CPU
		{417D1962-1D10-4D41-BBA1-65DA033DCF2D}.Debug|Any CPU.Build.0 = Debug|Any CPU
		{417D1962-1D10-4D41-BBA1-65DA033DCF2D}.Release|Any CPU.ActiveCfg = Release|Any CPU
		{417D1962-1D10-4D41-BBA1-65DA033DCF2D}.Release|Any CPU.Build.0 = Release|Any CPU
		{5F337B4A-C7C0-4688-BFCE-C9C317359091}.Debug|Any CPU.ActiveCfg = Debug|Any CPU
		{5F337B4A-C7C0-4688-BFCE-C9C317359091}.Debug|Any CPU.Build.0 = Debug|Any CPU
		{5F337B4A-C7C0-4688-BFCE-C9C317359091}.Release|Any CPU.ActiveCfg = Release|Any CPU
		{5F337B4A-C7C0-4688-BFCE-C9C317359091}.Release|Any CPU.Build.0 = Release|Any CPU
		{B8EBF7DD-0F20-45B5-84D8-4A99B8A9DF2F}.Debug|Any CPU.ActiveCfg = Debug|Any CPU
		{B8EBF7DD-0F20-45B5-84D8-4A99B8A9DF2F}.Debug|Any CPU.Build.0 = Debug|Any CPU
		{B8EBF7DD-0F20-45B5-84D8-4A99B8A9DF2F}.Release|Any CPU.ActiveCfg = Release|Any CPU
		{B8EBF7DD-0F20-45B5-84D8-4A99B8A9DF2F}.Release|Any CPU.Build.0 = Release|Any CPU
		{B4C549AF-930C-4670-B94E-17C1CE414DCC}.Debug|Any CPU.ActiveCfg = Debug|Any CPU
		{B4C549AF-930C-4670-B94E-17C1CE414DCC}.Debug|Any CPU.Build.0 = Debug|Any CPU
		{B4C549AF-930C-4670-B94E-17C1CE414DCC}.Release|Any CPU.ActiveCfg = Release|Any CPU
		{B4C549AF-930C-4670-B94E-17C1CE414DCC}.Release|Any CPU.Build.0 = Release|Any CPU
		{A2CF3D6B-5539-45FF-A99F-D5EE78192728}.Debug|Any CPU.ActiveCfg = Debug|Any CPU
		{A2CF3D6B-5539-45FF-A99F-D5EE78192728}.Debug|Any CPU.Build.0 = Debug|Any CPU
		{A2CF3D6B-5539-45FF-A99F-D5EE78192728}.Release|Any CPU.ActiveCfg = Release|Any CPU
		{A2CF3D6B-5539-45FF-A99F-D5EE78192728}.Release|Any CPU.Build.0 = Release|Any CPU
		{BE6C6078-2CDB-45AB-BBC4-0A16B717E478}.Debug|Any CPU.ActiveCfg = Debug|Any CPU
		{BE6C6078-2CDB-45AB-BBC4-0A16B717E478}.Debug|Any CPU.Build.0 = Debug|Any CPU
		{BE6C6078-2CDB-45AB-BBC4-0A16B717E478}.Release|Any CPU.ActiveCfg = Release|Any CPU
		{BE6C6078-2CDB-45AB-BBC4-0A16B717E478}.Release|Any CPU.Build.0 = Release|Any CPU
		{25484BD1-409C-44C5-B368-E93CF7D32328}.Debug|Any CPU.ActiveCfg = Debug|Any CPU
		{25484BD1-409C-44C5-B368-E93CF7D32328}.Debug|Any CPU.Build.0 = Debug|Any CPU
		{25484BD1-409C-44C5-B368-E93CF7D32328}.Release|Any CPU.ActiveCfg = Release|Any CPU
		{25484BD1-409C-44C5-B368-E93CF7D32328}.Release|Any CPU.Build.0 = Release|Any CPU
		{2377D165-5238-419B-A239-5C9599E1D759}.Debug|Any CPU.ActiveCfg = Debug|Any CPU
		{2377D165-5238-419B-A239-5C9599E1D759}.Debug|Any CPU.Build.0 = Debug|Any CPU
		{2377D165-5238-419B-A239-5C9599E1D759}.Release|Any CPU.ActiveCfg = Release|Any CPU
		{2377D165-5238-419B-A239-5C9599E1D759}.Release|Any CPU.Build.0 = Release|Any CPU
		{87221B56-F5F4-475E-929D-B0E8D0521F8E}.Debug|Any CPU.ActiveCfg = Debug|Any CPU
		{87221B56-F5F4-475E-929D-B0E8D0521F8E}.Debug|Any CPU.Build.0 = Debug|Any CPU
		{87221B56-F5F4-475E-929D-B0E8D0521F8E}.Release|Any CPU.ActiveCfg = Release|Any CPU
		{87221B56-F5F4-475E-929D-B0E8D0521F8E}.Release|Any CPU.Build.0 = Release|Any CPU
		{9A2EAC75-FB61-47A2-A8D3-A685511D9972}.Debug|Any CPU.ActiveCfg = Debug|Any CPU
		{9A2EAC75-FB61-47A2-A8D3-A685511D9972}.Debug|Any CPU.Build.0 = Debug|Any CPU
		{9A2EAC75-FB61-47A2-A8D3-A685511D9972}.Release|Any CPU.ActiveCfg = Release|Any CPU
		{9A2EAC75-FB61-47A2-A8D3-A685511D9972}.Release|Any CPU.Build.0 = Release|Any CPU
		{402F10A7-021B-476D-A3E2-DA16CF45A5D4}.Debug|Any CPU.ActiveCfg = Debug|Any CPU
		{402F10A7-021B-476D-A3E2-DA16CF45A5D4}.Debug|Any CPU.Build.0 = Debug|Any CPU
		{402F10A7-021B-476D-A3E2-DA16CF45A5D4}.Release|Any CPU.ActiveCfg = Release|Any CPU
		{402F10A7-021B-476D-A3E2-DA16CF45A5D4}.Release|Any CPU.Build.0 = Release|Any CPU
		{C94DA4F1-FFC3-46E4-844A-FA19F65C1C37}.Debug|Any CPU.ActiveCfg = Debug|Any CPU
		{C94DA4F1-FFC3-46E4-844A-FA19F65C1C37}.Debug|Any CPU.Build.0 = Debug|Any CPU
		{C94DA4F1-FFC3-46E4-844A-FA19F65C1C37}.Release|Any CPU.ActiveCfg = Release|Any CPU
		{C94DA4F1-FFC3-46E4-844A-FA19F65C1C37}.Release|Any CPU.Build.0 = Release|Any CPU
		{C9B52B54-0147-4281-BD54-1AF3B65DD127}.Debug|Any CPU.ActiveCfg = Debug|Any CPU
		{C9B52B54-0147-4281-BD54-1AF3B65DD127}.Debug|Any CPU.Build.0 = Debug|Any CPU
		{C9B52B54-0147-4281-BD54-1AF3B65DD127}.Release|Any CPU.ActiveCfg = Release|Any CPU
		{C9B52B54-0147-4281-BD54-1AF3B65DD127}.Release|Any CPU.Build.0 = Release|Any CPU
		{B568B434-8F62-4EEA-AB9A-099880CD104F}.Debug|Any CPU.ActiveCfg = Debug|Any CPU
		{B568B434-8F62-4EEA-AB9A-099880CD104F}.Debug|Any CPU.Build.0 = Debug|Any CPU
		{B568B434-8F62-4EEA-AB9A-099880CD104F}.Release|Any CPU.ActiveCfg = Release|Any CPU
		{B568B434-8F62-4EEA-AB9A-099880CD104F}.Release|Any CPU.Build.0 = Release|Any CPU
		{9F5357C0-A6A7-48C8-BF3C-05E66CE339A2}.Debug|Any CPU.ActiveCfg = Debug|Any CPU
		{9F5357C0-A6A7-48C8-BF3C-05E66CE339A2}.Debug|Any CPU.Build.0 = Debug|Any CPU
		{9F5357C0-A6A7-48C8-BF3C-05E66CE339A2}.Release|Any CPU.ActiveCfg = Release|Any CPU
		{9F5357C0-A6A7-48C8-BF3C-05E66CE339A2}.Release|Any CPU.Build.0 = Release|Any CPU
		{47BE0AC5-55C0-4858-8507-F844CD2DCEC8}.Debug|Any CPU.ActiveCfg = Debug|Any CPU
		{47BE0AC5-55C0-4858-8507-F844CD2DCEC8}.Debug|Any CPU.Build.0 = Debug|Any CPU
		{47BE0AC5-55C0-4858-8507-F844CD2DCEC8}.Release|Any CPU.ActiveCfg = Release|Any CPU
		{47BE0AC5-55C0-4858-8507-F844CD2DCEC8}.Release|Any CPU.Build.0 = Release|Any CPU
		{73469937-9D06-4187-A236-82F90896C338}.Debug|Any CPU.ActiveCfg = Debug|Any CPU
		{73469937-9D06-4187-A236-82F90896C338}.Debug|Any CPU.Build.0 = Debug|Any CPU
		{73469937-9D06-4187-A236-82F90896C338}.Release|Any CPU.ActiveCfg = Release|Any CPU
		{73469937-9D06-4187-A236-82F90896C338}.Release|Any CPU.Build.0 = Release|Any CPU
		{DB671F4B-C522-4A03-972A-8463BD6C0E1F}.Debug|Any CPU.ActiveCfg = Debug|Any CPU
		{DB671F4B-C522-4A03-972A-8463BD6C0E1F}.Debug|Any CPU.Build.0 = Debug|Any CPU
		{DB671F4B-C522-4A03-972A-8463BD6C0E1F}.Release|Any CPU.ActiveCfg = Release|Any CPU
		{DB671F4B-C522-4A03-972A-8463BD6C0E1F}.Release|Any CPU.Build.0 = Release|Any CPU
		{3BC76374-2B1E-4EEA-BAB1-E60C5BE23FA5}.Debug|Any CPU.ActiveCfg = Debug|Any CPU
		{3BC76374-2B1E-4EEA-BAB1-E60C5BE23FA5}.Debug|Any CPU.Build.0 = Debug|Any CPU
		{3BC76374-2B1E-4EEA-BAB1-E60C5BE23FA5}.Release|Any CPU.ActiveCfg = Release|Any CPU
		{3BC76374-2B1E-4EEA-BAB1-E60C5BE23FA5}.Release|Any CPU.Build.0 = Release|Any CPU
		{3F6920F0-7037-4437-AEBA-829FCC257561}.Debug|Any CPU.ActiveCfg = Debug|Any CPU
		{3F6920F0-7037-4437-AEBA-829FCC257561}.Debug|Any CPU.Build.0 = Debug|Any CPU
		{3F6920F0-7037-4437-AEBA-829FCC257561}.Release|Any CPU.ActiveCfg = Release|Any CPU
		{3F6920F0-7037-4437-AEBA-829FCC257561}.Release|Any CPU.Build.0 = Release|Any CPU
		{86A7D6CD-0198-467E-AD1D-1EA1FF0E64D8}.Debug|Any CPU.ActiveCfg = Debug|Any CPU
		{86A7D6CD-0198-467E-AD1D-1EA1FF0E64D8}.Debug|Any CPU.Build.0 = Debug|Any CPU
		{86A7D6CD-0198-467E-AD1D-1EA1FF0E64D8}.Release|Any CPU.ActiveCfg = Release|Any CPU
		{86A7D6CD-0198-467E-AD1D-1EA1FF0E64D8}.Release|Any CPU.Build.0 = Release|Any CPU
		{148072AF-395A-4C36-9567-3DCD2ED51EE7}.Debug|Any CPU.ActiveCfg = Debug|Any CPU
		{148072AF-395A-4C36-9567-3DCD2ED51EE7}.Debug|Any CPU.Build.0 = Debug|Any CPU
		{148072AF-395A-4C36-9567-3DCD2ED51EE7}.Release|Any CPU.ActiveCfg = Release|Any CPU
		{148072AF-395A-4C36-9567-3DCD2ED51EE7}.Release|Any CPU.Build.0 = Release|Any CPU
		{A297A62C-99C1-4534-8453-98B15BD0BE66}.Debug|Any CPU.ActiveCfg = Debug|Any CPU
		{A297A62C-99C1-4534-8453-98B15BD0BE66}.Debug|Any CPU.Build.0 = Debug|Any CPU
		{A297A62C-99C1-4534-8453-98B15BD0BE66}.Release|Any CPU.ActiveCfg = Release|Any CPU
		{A297A62C-99C1-4534-8453-98B15BD0BE66}.Release|Any CPU.Build.0 = Release|Any CPU
		{82E5C103-43F7-49F3-A169-98EDDBAAA5F7}.Debug|Any CPU.ActiveCfg = Debug|Any CPU
		{82E5C103-43F7-49F3-A169-98EDDBAAA5F7}.Debug|Any CPU.Build.0 = Debug|Any CPU
		{82E5C103-43F7-49F3-A169-98EDDBAAA5F7}.Release|Any CPU.ActiveCfg = Release|Any CPU
		{82E5C103-43F7-49F3-A169-98EDDBAAA5F7}.Release|Any CPU.Build.0 = Release|Any CPU
		{1F55C9A9-468F-47DE-9D14-E8F35F521726}.Debug|Any CPU.ActiveCfg = Debug|Any CPU
		{1F55C9A9-468F-47DE-9D14-E8F35F521726}.Debug|Any CPU.Build.0 = Debug|Any CPU
		{1F55C9A9-468F-47DE-9D14-E8F35F521726}.Release|Any CPU.ActiveCfg = Release|Any CPU
		{1F55C9A9-468F-47DE-9D14-E8F35F521726}.Release|Any CPU.Build.0 = Release|Any CPU
		{6071231A-2B04-4CE2-90EC-6EEEEE11ADE2}.Debug|Any CPU.ActiveCfg = Debug|Any CPU
		{6071231A-2B04-4CE2-90EC-6EEEEE11ADE2}.Debug|Any CPU.Build.0 = Debug|Any CPU
		{6071231A-2B04-4CE2-90EC-6EEEEE11ADE2}.Release|Any CPU.ActiveCfg = Release|Any CPU
		{6071231A-2B04-4CE2-90EC-6EEEEE11ADE2}.Release|Any CPU.Build.0 = Release|Any CPU
		{1A9E8419-9C2C-4B66-938A-D294B665B8E4}.Debug|Any CPU.ActiveCfg = Debug|Any CPU
		{1A9E8419-9C2C-4B66-938A-D294B665B8E4}.Debug|Any CPU.Build.0 = Debug|Any CPU
		{1A9E8419-9C2C-4B66-938A-D294B665B8E4}.Release|Any CPU.ActiveCfg = Release|Any CPU
		{1A9E8419-9C2C-4B66-938A-D294B665B8E4}.Release|Any CPU.Build.0 = Release|Any CPU
		{40DCDF2C-FE2F-4EE0-BFAA-79D9E5DEF72E}.Debug|Any CPU.ActiveCfg = Debug|Any CPU
		{40DCDF2C-FE2F-4EE0-BFAA-79D9E5DEF72E}.Debug|Any CPU.Build.0 = Debug|Any CPU
		{40DCDF2C-FE2F-4EE0-BFAA-79D9E5DEF72E}.Release|Any CPU.ActiveCfg = Release|Any CPU
		{40DCDF2C-FE2F-4EE0-BFAA-79D9E5DEF72E}.Release|Any CPU.Build.0 = Release|Any CPU
	EndGlobalSection
	GlobalSection(SolutionProperties) = preSolution
		HideSolutionNode = FALSE
	EndGlobalSection
	GlobalSection(NestedProjects) = preSolution
		{791F98DE-AC9E-407C-8F2D-DB90D9B16B6E} = {31DA0CF9-84F2-4FA8-8206-1B128D7428D4}
		{D0D8B38F-83D1-467B-8348-2D962FC19441} = {F70DB5A0-8639-490E-8170-07065FAC6CB4}
		{C4F6E304-C993-41B2-97D7-77E9EA45D537} = {641B49BC-B056-4755-9BC0-1040E0FD4FA6}
		{B1CBAF21-108F-4CE2-8370-55019E19B825} = {C4F6E304-C993-41B2-97D7-77E9EA45D537}
		{C773BF75-F384-479F-90D1-8DF1A235BDA1} = {641B49BC-B056-4755-9BC0-1040E0FD4FA6}
		{AC881FFC-BE70-4FDF-B9CD-0F69F4D2A1F9} = {C773BF75-F384-479F-90D1-8DF1A235BDA1}
		{F59C9937-88AA-426C-B042-B0E3F232F23E} = {C773BF75-F384-479F-90D1-8DF1A235BDA1}
		{8B64B2E9-0FD9-473C-9FB6-AD56518A2612} = {641B49BC-B056-4755-9BC0-1040E0FD4FA6}
		{417D1962-1D10-4D41-BBA1-65DA033DCF2D} = {8B64B2E9-0FD9-473C-9FB6-AD56518A2612}
		{5F337B4A-C7C0-4688-BFCE-C9C317359091} = {8B64B2E9-0FD9-473C-9FB6-AD56518A2612}
		{31DA0CF9-84F2-4FA8-8206-1B128D7428D4} = {641B49BC-B056-4755-9BC0-1040E0FD4FA6}
		{511102E5-2C7C-48FC-BEBA-B3E82D36FB17} = {641B49BC-B056-4755-9BC0-1040E0FD4FA6}
		{F70DB5A0-8639-490E-8170-07065FAC6CB4} = {641B49BC-B056-4755-9BC0-1040E0FD4FA6}
		{62BFE579-C827-4F8C-A2C5-A542152E2F24} = {641B49BC-B056-4755-9BC0-1040E0FD4FA6}
		{B4C549AF-930C-4670-B94E-17C1CE414DCC} = {62BFE579-C827-4F8C-A2C5-A542152E2F24}
		{A2CF3D6B-5539-45FF-A99F-D5EE78192728} = {62BFE579-C827-4F8C-A2C5-A542152E2F24}
		{42541E6C-DEE0-4A2B-8549-743174784F2E} = {1F4DB46A-2064-44CB-AF88-E83216C6D265}
		{BE6C6078-2CDB-45AB-BBC4-0A16B717E478} = {42541E6C-DEE0-4A2B-8549-743174784F2E}
		{02CD2BA3-0773-4C60-945B-6A45EFCBF2A6} = {1F4DB46A-2064-44CB-AF88-E83216C6D265}
		{25484BD1-409C-44C5-B368-E93CF7D32328} = {02CD2BA3-0773-4C60-945B-6A45EFCBF2A6}
		{2377D165-5238-419B-A239-5C9599E1D759} = {02CD2BA3-0773-4C60-945B-6A45EFCBF2A6}
		{4B5CC5C0-767C-4F41-9425-341AA5A7A680} = {1F4DB46A-2064-44CB-AF88-E83216C6D265}
		{87221B56-F5F4-475E-929D-B0E8D0521F8E} = {4B5CC5C0-767C-4F41-9425-341AA5A7A680}
		{AA7930C3-74E4-4336-ABA3-FFC67CD8EF9C} = {1F4DB46A-2064-44CB-AF88-E83216C6D265}
		{9A2EAC75-FB61-47A2-A8D3-A685511D9972} = {AA7930C3-74E4-4336-ABA3-FFC67CD8EF9C}
		{402F10A7-021B-476D-A3E2-DA16CF45A5D4} = {AA7930C3-74E4-4336-ABA3-FFC67CD8EF9C}
		{C94DA4F1-FFC3-46E4-844A-FA19F65C1C37} = {4B5CC5C0-767C-4F41-9425-341AA5A7A680}
		{C9B52B54-0147-4281-BD54-1AF3B65DD127} = {80971C3B-D6A4-47FF-9AE4-C92E5A984F9F}
		{B568B434-8F62-4EEA-AB9A-099880CD104F} = {80971C3B-D6A4-47FF-9AE4-C92E5A984F9F}
		{9F5357C0-A6A7-48C8-BF3C-05E66CE339A2} = {80971C3B-D6A4-47FF-9AE4-C92E5A984F9F}
		{47BE0AC5-55C0-4858-8507-F844CD2DCEC8} = {80971C3B-D6A4-47FF-9AE4-C92E5A984F9F}
		{63F1A1DB-CA06-4AA8-8CC6-C752EE6DEED8} = {ED1494F9-FA32-4DA9-B53E-4E1A46B3D93B}
		{73469937-9D06-4187-A236-82F90896C338} = {63F1A1DB-CA06-4AA8-8CC6-C752EE6DEED8}
		{DB671F4B-C522-4A03-972A-8463BD6C0E1F} = {63F1A1DB-CA06-4AA8-8CC6-C752EE6DEED8}
		{AAD5CEB4-10F5-4920-B9E4-9DCD2470F077} = {ED1494F9-FA32-4DA9-B53E-4E1A46B3D93B}
		{3BC76374-2B1E-4EEA-BAB1-E60C5BE23FA5} = {AAD5CEB4-10F5-4920-B9E4-9DCD2470F077}
		{3F6920F0-7037-4437-AEBA-829FCC257561} = {AAD5CEB4-10F5-4920-B9E4-9DCD2470F077}
		{BF818B84-5986-4C7E-8B37-65EAF3668D65} = {ED1494F9-FA32-4DA9-B53E-4E1A46B3D93B}
		{86A7D6CD-0198-467E-AD1D-1EA1FF0E64D8} = {BF818B84-5986-4C7E-8B37-65EAF3668D65}
		{148072AF-395A-4C36-9567-3DCD2ED51EE7} = {BF818B84-5986-4C7E-8B37-65EAF3668D65}
		{6718D43D-862F-4B8C-B54B-1510E391AD4E} = {BF818B84-5986-4C7E-8B37-65EAF3668D65}
		{A297A62C-99C1-4534-8453-98B15BD0BE66} = {6718D43D-862F-4B8C-B54B-1510E391AD4E}
		{82E5C103-43F7-49F3-A169-98EDDBAAA5F7} = {6718D43D-862F-4B8C-B54B-1510E391AD4E}
		{216E4D27-39B9-495A-8594-9DE9C13D6B4C} = {4EED22FD-A42D-4090-8135-8FA1D3223BF9}
		{1F55C9A9-468F-47DE-9D14-E8F35F521726} = {216E4D27-39B9-495A-8594-9DE9C13D6B4C}
		{6071231A-2B04-4CE2-90EC-6EEEEE11ADE2} = {216E4D27-39B9-495A-8594-9DE9C13D6B4C}
		{36C73B77-CE55-4849-A3F2-BB4A7AE5231C} = {4EED22FD-A42D-4090-8135-8FA1D3223BF9}
		{1A9E8419-9C2C-4B66-938A-D294B665B8E4} = {36C73B77-CE55-4849-A3F2-BB4A7AE5231C}
		{40DCDF2C-FE2F-4EE0-BFAA-79D9E5DEF72E} = {36C73B77-CE55-4849-A3F2-BB4A7AE5231C}
	EndGlobalSection
	GlobalSection(ExtensibilityGlobals) = postSolution
		SolutionGuid = {66D654A7-2EFD-40C3-9C29-6161F208FF3C}
	EndGlobalSection
EndGlobal
